{
    "requires": true,
    "lockfileVersion": 1,
    "dependencies": {
        "vue": {
            "version": "2.6.11",
            "resolved": "https://registry.npmjs.org/vue/-/vue-2.6.11.tgz",
            "integrity": "sha512-VfPwgcGABbGAue9+sfrD4PuwFar7gPb1yl1UK1MwXoQPAw0BKSqWfoYCT/ThFrdEVWoI51dBuyCoiNU9bZDZxQ=="
        },
        "vue-begin-gride": {
            "version": "1.0.3",
            "resolved": "https://registry.npmjs.org/vue-begin-gride/-/vue-begin-gride-1.0.3.tgz",
            "integrity": "sha512-l2MGHwQp+Nk8memtWhcyDdwRW38fM1OZwn1hGWJIyrtVGtDS2FKM5nEtA2oYmN4auQciMRE1Wt8hwwWu+lratg==",
            "requires": {
                "vue": "2.6.11"
            }
        }
    }
}
